{
  "lockfileVersion": 1,
  "configVersion": 0,
  "workspaces": {
    "": {
      "name": "ust-rankings-data",
      "dependencies": {
        "@duckdb/node-api": "^1.5.4-r.1",
      },
      "devDependencies": {
        "@types/bun": "^1.3.14",
        "typescript": "^5.8.3",
      },
    },
  },
  "packages": {
    "@duckdb/node-api": ["@duckdb/node-api@1.5.4-r.1", "", { "dependencies": { "@duckdb/node-bindings": "1.5.4-r.1" } }, "sha512-3PYk/4//svuYmb9RYVM71cCoNa6ngoYWwrMhJaqbm010txzIMWbJCbxrFeqDl+krdIug+Hc/MNCeS0gHsTXSIw=="],

    "@duckdb/node-bindings": ["@duckdb/node-bindings@1.5.4-r.1", "", { "dependencies": { "detect-libc": "^2.1.2" }, "optionalDependencies": { "@duckdb/node-bindings-darwin-arm64": "1.5.4-r.1", "@duckdb/node-bindings-darwin-x64": "1.5.4-r.1", "@duckdb/node-bindings-linux-arm64": "1.5.4-r.1", "@duckdb/node-bindings-linux-arm64-musl": "1.5.4-r.1", "@duckdb/node-bindings-linux-x64": "1.5.4-r.1", "@duckdb/node-bindings-linux-x64-musl": "1.5.4-r.1", "@duckdb/node-bindings-win32-arm64": "1.5.4-r.1", "@duckdb/node-bindings-win32-x64": "1.5.4-r.1" } }, "sha512-v834OZZKQ59yAvh8GOEmM+R1foPNgdMGL0VTBgHywgblgQNyq11HvWgT4QGJIUFfo/cQ9WFyf1MFhK0+hV1aiA=="],

    "@duckdb/node-bindings-darwin-arm64": ["@duckdb/node-bindings-darwin-arm64@1.5.4-r.1", "", { "os": "darwin", "cpu": "arm64" }, "sha512-fl8EC5xdmI7VAI7bX4W6D7lOGNtxyLvSxGjOY8Ov7viVEKwIcBXXKlMPgh3sw+PiVlwZhKlknuCI8BL5xXpSDg=="],

    "@duckdb/node-bindings-darwin-x64": ["@duckdb/node-bindings-darwin-x64@1.5.4-r.1", "", { "os": "darwin", "cpu": "x64" }, "sha512-E8bECZ6abJqunPqVR1NA0Zho7qxanfDWWFuJrKMsU1NCUqyGLyhXqZwsRHAx7J6jrM+lhQ7wOZj1x/N4OVml3A=="],

    "@duckdb/node-bindings-linux-arm64": ["@duckdb/node-bindings-linux-arm64@1.5.4-r.1", "", { "os": "linux", "cpu": "arm64" }, "sha512-4EsB+cgRqOE++mdPQ2ZoGJCg4ylmuqdbLDtmo3L19B+C5OzGmrhxlKD4o75eGEtfO52M+w+TdL0qhy0H5XvaKQ=="],

    "@duckdb/node-bindings-linux-arm64-musl": ["@duckdb/node-bindings-linux-arm64-musl@1.5.4-r.1", "", { "os": "linux", "cpu": "arm64" }, "sha512-96Pyk5Syy18S5DSN0CKkOQ7/CsyVGRML8ewox1qpFDjYvPH1VsULlQoIRwbpw7mkFEy17wuWmbwzb7oKu/nGMw=="],

    "@duckdb/node-bindings-linux-x64": ["@duckdb/node-bindings-linux-x64@1.5.4-r.1", "", { "os": "linux", "cpu": "x64" }, "sha512-IldapRydno5kf4VkPCe8yK+j4pCg+j6Qs46UmLnKex/mtIdJa7ifhMYRkvdc5KIAFEC0eEL5c830QeuwcUROyg=="],

    "@duckdb/node-bindings-linux-x64-musl": ["@duckdb/node-bindings-linux-x64-musl@1.5.4-r.1", "", { "os": "linux", "cpu": "x64" }, "sha512-tWgnttlKfWTktyv+m9YbxaedKBon5wmUoJ9DaIbE3D98KhhUaqmJhnjzso9O8hp6WUeRmwXR//hpT/X6Ft9nYA=="],

    "@duckdb/node-bindings-win32-arm64": ["@duckdb/node-bindings-win32-arm64@1.5.4-r.1", "", { "os": "win32", "cpu": "arm64" }, "sha512-77apmuNo51bPZzv8xjdeCp+hlU6JLwMPtS1CMViy83ONTsah+CGnpBx1lCnEqPL5Va0meufZyjSdZCVCijLdDA=="],

    "@duckdb/node-bindings-win32-x64": ["@duckdb/node-bindings-win32-x64@1.5.4-r.1", "", { "os": "win32", "cpu": "x64" }, "sha512-Wme7dScBGqjn2PUJ+RLFiFAblW1qQRBraX7SJc4uKtftZiUJJWZapEUh+doGfb68Qxvw8JhlMBSdaUsSUDJYsw=="],

    "@types/bun": ["@types/bun@1.3.14", "", { "dependencies": { "bun-types": "1.3.14" } }, "sha512-h1hFqFVcvAvD9j9K7ZW7vd82aSA+rTdznZa+5bwvCwqSB1jmmfLcbIWhOLx1/+boy/xmjgCs/OMUL8hRJSmnPw=="],

    "@types/node": ["@types/node@22.20.1", "", { "dependencies": { "undici-types": "~6.21.0" } }, "sha512-EANqOCF9QFyra+4pfxUcX9STKJpCLjMbObVzljIJomAWSnuSIEAvyzEU53GaajbXJEgdh0iEcPL+DGvpUd4k1Q=="],

    "bun-types": ["bun-types@1.3.14", "", { "dependencies": { "@types/node": "*" } }, "sha512-4N0ig0fEomHt5R0KCFWjovxow98rIoRwKolrYdCcknNwMekCXRnWEUvgu5soYV8QXtVsrUD8B95MBOZGPvr6KQ=="],

    "detect-libc": ["detect-libc@2.1.2", "", {}, "sha512-Btj2BOOO83o3WyH59e8MgXsxEQVcarkUOpEYrubB0urwnN10yQ364rsiByU11nZlqWYZm05i/of7io4mzihBtQ=="],

    "typescript": ["typescript@5.9.3", "", { "bin": { "tsc": "bin/tsc", "tsserver": "bin/tsserver" } }, "sha512-jl1vZzPDinLr9eUt3J/t7V6FgNEw9QjvBPdysz9KfQDD41fQrC2Y4vKQdiaUpFT4bXlb1RHhLpp8wtm6M5TgSw=="],

    "undici-types": ["undici-types@6.21.0", "", {}, "sha512-iwDZqg0QAGrg9Rav5H4n0M64c3mkR59cJ6wQp+7C4nI0gsmExaedaYLNO44eT4AtBBwjbTiGPMlt2Md0T9H9JQ=="],
  }
}
